
Microsoft Visual Studio Solution File, Format Version 12.00
# Visual Studio Version 16
VisualStudioVersion = 16.0.810.14
MinimumVisualStudioVersion = 10.0.40219.1
Project("{FAE04EC0-301F-11D3-BF4B-00C04F79EFBC}") = "ZooBreakout", "ZooBreakout.csproj", "{369D9950-78A7-422A-ACF8-ECA3BD481DC5}"
EndProject
Global
	GlobalSection(SolutionConfigurationPlatforms) = preSolution
		Debug|Any CPU = Debug|Any CPU
		Release|Any CPU = Release|Any CPU
	EndGlobalSection
	GlobalSection(ProjectConfigurationPlatforms) = postSolution
		{369D9950-78A7-422A-ACF8-ECA3BD481DC5}.Debug|Any CPU.ActiveCfg = Debug|Any CPU
		{369D9950-78A7-422A-ACF8-ECA3BD481DC5}.Debug|Any CPU.Build.0 = Debug|Any CPU
		{369D9950-78A7-422A-ACF8-ECA3BD481DC5}.Release|Any CPU.ActiveCfg = Release|Any CPU
		{369D9950-78A7-422A-ACF8-ECA3BD481DC5}.Release|Any CPU.Build.0 = Release|Any CPU
	EndGlobalSection
	GlobalSection(SolutionProperties) = preSolution
		HideSolutionNode = FALSE
	EndGlobalSection
	GlobalSection(ExtensibilityGlobals) = postSolution
		SolutionGuid = {63C328CD-EE68-44A0-9492-7959A2ACBF0A}
	EndGlobalSection
EndGlobal
